annotated-types==0.8.0
asn1crypto==1.5.1
blake3==1.0.9
certifi==2026.7.22
cffi==2.1.1
charset-normalizer==3.5.1
click==8.5.0
cryptography==50.0.1
dnspython==2.8.0
email-validator==2.3.0
id==1.6.1
idna==3.20
in-toto-attestation==0.9.3
markdown-it-py==4.2.0
mdurl==0.1.2
model-signing==1.1.1
platformdirs==4.11.15
protobuf==7.36.2
pyasn1==0.6.4
pycparser==3.0
pydantic==2.13.5
pydantic-core==2.46.5
pygments==2.21.0
pyjwt==2.15.0
pyopenssl==26.4.0
requests==2.34.2
rfc3161-client==1.0.9
rfc8785==0.1.4
rich==15.0.0
securesystemslib==1.5.1
sigstore==4.5.0
sigstore-models==0.0.6
sigstore-rekor-types==0.0.18
tuf==7.0.1
typing-extensions==4.16.0
typing-inspection==0.4.4
urllib3==2.8.0
